
Microsoft Visual Studio Solution File, Format Version 12.00
# Visual Studio Version 17
VisualStudioVersion = 17.7.34024.191
MinimumVisualStudioVersion = 10.0.40219.1
Project("{2150E333-8FDC-42A3-9474-1A3956D46DE8}") = "1. Presentation", "1. Presentation", "{CCDC7A85-1251-4AC8-BE3F-B501CC5E7FEE}"
EndProject
Project("{2150E333-8FDC-42A3-9474-1A3956D46DE8}") = "2. Application", "2. Application", "{DA3D8D9A-780C-4AAB-8A91-FAA71668FB81}"
EndProject
Project("{2150E333-8FDC-42A3-9474-1A3956D46DE8}") = "3. Domain", "3. Domain", "{5E56AA86-F2D2-4BE0-AF02-25294E5916F1}"
EndProject
Project("{2150E333-8FDC-42A3-9474-1A3956D46DE8}") = "4. Infrastructure", "4. Infrastructure", "{D32AA881-CBAB-4383-B24A-D043A39F2F75}"
EndProject
Project("{9A19103F-16F7-4668-BE54-9A1E7A4F7556}") = "MusicEvent.Web", "MusicEvent.Web\MusicEvent.Web.csproj", "{BB323B0C-A2B6-44D9-B401-B827D59758E6}"
EndProject
Project("{9A19103F-16F7-4668-BE54-9A1E7A4F7556}") = "MusicEvent.Application", "MusicEvent.Application\MusicEvent.Application.csproj", "{CF72B178-6C2D-4C4F-BB99-6E1C9453694A}"
EndProject
Project("{9A19103F-16F7-4668-BE54-9A1E7A4F7556}") = "MusicEvent.Core", "MusicEvent.Core\MusicEvent.Core.csproj", "{F5F68697-2096-42E3-810B-52BA2485AF19}"
EndProject
Project("{9A19103F-16F7-4668-BE54-9A1E7A4F7556}") = "MusicEvent.Domain", "MusicEvent.Domain\MusicEvent.Domain.csproj", "{87BC46A0-BA6F-49C9-BCCF-0480E2E6D209}"
EndProject
Project("{9A19103F-16F7-4668-BE54-9A1E7A4F7556}") = "MusicEvent.Infra.Bus", "MusicEvent.Infra.Bus\MusicEvent.Infra.Bus.csproj", "{94F787FA-B728-4A4D-80A5-7752CA8EBD76}"
EndProject
Project("{9A19103F-16F7-4668-BE54-9A1E7A4F7556}") = "MusicEvent.Infra.Data", "MusicEvent.Infra.Data\MusicEvent.Infra.Data.csproj", "{57429C6D-2EB1-43EC-9EAA-9787F9CAEDDA}"
EndProject
Project("{9A19103F-16F7-4668-BE54-9A1E7A4F7556}") = "MusicEvent.Infra.IoC", "MusicEvent.Infra.IoC\MusicEvent.Infra.IoC.csproj", "{810A45BE-228D-4400-A562-C6C0E9CD3E09}"
EndProject
Project("{2150E333-8FDC-42A3-9474-1A3956D46DE8}") = "1. Core", "1. Core", "{D35669EA-5B37-4C1C-96F7-355B56225BEB}"
EndProject
Project("{2150E333-8FDC-42A3-9474-1A3956D46DE8}") = "2. Microsservices", "2. Microsservices", "{FE6E9CE1-7767-4CA2-BD68-DBD9A491971E}"
EndProject
Project("{2150E333-8FDC-42A3-9474-1A3956D46DE8}") = "Subscriptions", "Subscriptions", "{2C31A7EE-9836-43D2-83E6-CDF860B433EB}"
EndProject
Project("{2150E333-8FDC-42A3-9474-1A3956D46DE8}") = "MusicEvent", "MusicEvent", "{8AEC54C7-4862-4DB5-95F7-ECD874AA30C9}"
EndProject
Project("{2150E333-8FDC-42A3-9474-1A3956D46DE8}") = "WorkerService", "WorkerService", "{28C8D8E4-03A4-479E-9898-8FD679850896}"
EndProject
Project("{FAE04EC0-301F-11D3-BF4B-00C04F79EFBC}") = "Subscriptions.WorkerService", "Subscriptions.WorkerService\Subscriptions.WorkerService.csproj", "{916B054B-49CE-4708-AA6D-9FBA429FF165}"
EndProject
Project("{2150E333-8FDC-42A3-9474-1A3956D46DE8}") = "2. Application", "2. Application", "{1222C55F-FA24-432D-85E4-3E76E583EC38}"
EndProject
Project("{2150E333-8FDC-42A3-9474-1A3956D46DE8}") = "1. Worker", "1. Worker", "{C8A4962B-714F-459D-835E-73AF4ED5AAAC}"
EndProject
Project("{2150E333-8FDC-42A3-9474-1A3956D46DE8}") = "3. Domain", "3. Domain", "{7D1C0A66-86A9-4C80-8EFA-D14D3CE7BA31}"
EndProject
Project("{2150E333-8FDC-42A3-9474-1A3956D46DE8}") = "4. Infrastructure", "4. Infrastructure", "{CD6A9A92-2C40-421C-ADD0-B9C3A94E9485}"
EndProject
Project("{FAE04EC0-301F-11D3-BF4B-00C04F79EFBC}") = "Subscriptions.Application", "Subscriptions.Application\Subscriptions.Application.csproj", "{C1B54472-8DF9-4C5D-ACA9-54C357EC58D2}"
EndProject
Project("{FAE04EC0-301F-11D3-BF4B-00C04F79EFBC}") = "Subscriptions.Core", "Subscriptions.Core\Subscriptions.Core.csproj", "{8AB595EA-AEDF-4A62-B109-96C090C6BA55}"
EndProject
Project("{FAE04EC0-301F-11D3-BF4B-00C04F79EFBC}") = "Subscriptions.Domain", "Subscriptions.Domain\Subscriptions.Domain.csproj", "{7377323E-FC22-4F63-A814-84C03EE4DD91}"
EndProject
Project("{FAE04EC0-301F-11D3-BF4B-00C04F79EFBC}") = "Subscriptions.Infra.Bus", "Subscriptions.Infra.Bus\Subscriptions.Infra.Bus.csproj", "{D251E472-F0F5-473F-8902-69CD98CF812D}"
EndProject
Project("{FAE04EC0-301F-11D3-BF4B-00C04F79EFBC}") = "Subscriptions.Infra.Data", "Subscriptions.Infra.Data\Subscriptions.Infra.Data.csproj", "{626F647C-871D-42E1-9ED1-2A5E4AC37987}"
EndProject
Project("{FAE04EC0-301F-11D3-BF4B-00C04F79EFBC}") = "Subscriptions.Infra.IoC", "Subscriptions.Infra.IoC\Subscriptions.Infra.IoC.csproj", "{D981EF58-6D05-48B5-ABC4-CCD2B9A146D0}"
EndProject
Global
	GlobalSection(SolutionConfigurationPlatforms) = preSolution
		Debug|Any CPU = Debug|Any CPU
		Release|Any CPU = Release|Any CPU
	EndGlobalSection
	GlobalSection(ProjectConfigurationPlatforms) = postSolution
		{BB323B0C-A2B6-44D9-B401-B827D59758E6}.Debug|Any CPU.ActiveCfg = Debug|Any CPU
		{BB323B0C-A2B6-44D9-B401-B827D59758E6}.Debug|Any CPU.Build.0 = Debug|Any CPU
		{BB323B0C-A2B6-44D9-B401-B827D59758E6}.Release|Any CPU.ActiveCfg = Release|Any CPU
		{BB323B0C-A2B6-44D9-B401-B827D59758E6}.Release|Any CPU.Build.0 = Release|Any CPU
		{CF72B178-6C2D-4C4F-BB99-6E1C9453694A}.Debug|Any CPU.ActiveCfg = Debug|Any CPU
		{CF72B178-6C2D-4C4F-BB99-6E1C9453694A}.Debug|Any CPU.Build.0 = Debug|Any CPU
		{CF72B178-6C2D-4C4F-BB99-6E1C9453694A}.Release|Any CPU.ActiveCfg = Release|Any CPU
		{CF72B178-6C2D-4C4F-BB99-6E1C9453694A}.Release|Any CPU.Build.0 = Release|Any CPU
		{F5F68697-2096-42E3-810B-52BA2485AF19}.Debug|Any CPU.ActiveCfg = Debug|Any CPU
		{F5F68697-2096-42E3-810B-52BA2485AF19}.Debug|Any CPU.Build.0 = Debug|Any CPU
		{F5F68697-2096-42E3-810B-52BA2485AF19}.Release|Any CPU.ActiveCfg = Release|Any CPU
		{F5F68697-2096-42E3-810B-52BA2485AF19}.Release|Any CPU.Build.0 = Release|Any CPU
		{87BC46A0-BA6F-49C9-BCCF-0480E2E6D209}.Debug|Any CPU.ActiveCfg = Debug|Any CPU
		{87BC46A0-BA6F-49C9-BCCF-0480E2E6D209}.Debug|Any CPU.Build.0 = Debug|Any CPU
		{87BC46A0-BA6F-49C9-BCCF-0480E2E6D209}.Release|Any CPU.ActiveCfg = Release|Any CPU
		{87BC46A0-BA6F-49C9-BCCF-0480E2E6D209}.Release|Any CPU.Build.0 = Release|Any CPU
		{94F787FA-B728-4A4D-80A5-7752CA8EBD76}.Debug|Any CPU.ActiveCfg = Debug|Any CPU
		{94F787FA-B728-4A4D-80A5-7752CA8EBD76}.Debug|Any CPU.Build.0 = Debug|Any CPU
		{94F787FA-B728-4A4D-80A5-7752CA8EBD76}.Release|Any CPU.ActiveCfg = Release|Any CPU
		{94F787FA-B728-4A4D-80A5-7752CA8EBD76}.Release|Any CPU.Build.0 = Release|Any CPU
		{57429C6D-2EB1-43EC-9EAA-9787F9CAEDDA}.Debug|Any CPU.ActiveCfg = Debug|Any CPU
		{57429C6D-2EB1-43EC-9EAA-9787F9CAEDDA}.Debug|Any CPU.Build.0 = Debug|Any CPU
		{57429C6D-2EB1-43EC-9EAA-9787F9CAEDDA}.Release|Any CPU.ActiveCfg = Release|Any CPU
		{57429C6D-2EB1-43EC-9EAA-9787F9CAEDDA}.Release|Any CPU.Build.0 = Release|Any CPU
		{810A45BE-228D-4400-A562-C6C0E9CD3E09}.Debug|Any CPU.ActiveCfg = Debug|Any CPU
		{810A45BE-228D-4400-A562-C6C0E9CD3E09}.Debug|Any CPU.Build.0 = Debug|Any CPU
		{810A45BE-228D-4400-A562-C6C0E9CD3E09}.Release|Any CPU.ActiveCfg = Release|Any CPU
		{810A45BE-228D-4400-A562-C6C0E9CD3E09}.Release|Any CPU.Build.0 = Release|Any CPU
		{916B054B-49CE-4708-AA6D-9FBA429FF165}.Debug|Any CPU.ActiveCfg = Debug|Any CPU
		{916B054B-49CE-4708-AA6D-9FBA429FF165}.Debug|Any CPU.Build.0 = Debug|Any CPU
		{916B054B-49CE-4708-AA6D-9FBA429FF165}.Release|Any CPU.ActiveCfg = Release|Any CPU
		{916B054B-49CE-4708-AA6D-9FBA429FF165}.Release|Any CPU.Build.0 = Release|Any CPU
		{C1B54472-8DF9-4C5D-ACA9-54C357EC58D2}.Debug|Any CPU.ActiveCfg = Debug|Any CPU
		{C1B54472-8DF9-4C5D-ACA9-54C357EC58D2}.Debug|Any CPU.Build.0 = Debug|Any CPU
		{C1B54472-8DF9-4C5D-ACA9-54C357EC58D2}.Release|Any CPU.ActiveCfg = Release|Any CPU
		{C1B54472-8DF9-4C5D-ACA9-54C357EC58D2}.Release|Any CPU.Build.0 = Release|Any CPU
		{8AB595EA-AEDF-4A62-B109-96C090C6BA55}.Debug|Any CPU.ActiveCfg = Debug|Any CPU
		{8AB595EA-AEDF-4A62-B109-96C090C6BA55}.Debug|Any CPU.Build.0 = Debug|Any CPU
		{8AB595EA-AEDF-4A62-B109-96C090C6BA55}.Release|Any CPU.ActiveCfg = Release|Any CPU
		{8AB595EA-AEDF-4A62-B109-96C090C6BA55}.Release|Any CPU.Build.0 = Release|Any CPU
		{7377323E-FC22-4F63-A814-84C03EE4DD91}.Debug|Any CPU.ActiveCfg = Debug|Any CPU
		{7377323E-FC22-4F63-A814-84C03EE4DD91}.Debug|Any CPU.Build.0 = Debug|Any CPU
		{7377323E-FC22-4F63-A814-84C03EE4DD91}.Release|Any CPU.ActiveCfg = Release|Any CPU
		{7377323E-FC22-4F63-A814-84C03EE4DD91}.Release|Any CPU.Build.0 = Release|Any CPU
		{D251E472-F0F5-473F-8902-69CD98CF812D}.Debug|Any CPU.ActiveCfg = Debug|Any CPU
		{D251E472-F0F5-473F-8902-69CD98CF812D}.Debug|Any CPU.Build.0 = Debug|Any CPU
		{D251E472-F0F5-473F-8902-69CD98CF812D}.Release|Any CPU.ActiveCfg = Release|Any CPU
		{D251E472-F0F5-473F-8902-69CD98CF812D}.Release|Any CPU.Build.0 = Release|Any CPU
		{626F647C-871D-42E1-9ED1-2A5E4AC37987}.Debug|Any CPU.ActiveCfg = Debug|Any CPU
		{626F647C-871D-42E1-9ED1-2A5E4AC37987}.Debug|Any CPU.Build.0 = Debug|Any CPU
		{626F647C-871D-42E1-9ED1-2A5E4AC37987}.Release|Any CPU.ActiveCfg = Release|Any CPU
		{626F647C-871D-42E1-9ED1-2A5E4AC37987}.Release|Any CPU.Build.0 = Release|Any CPU
		{D981EF58-6D05-48B5-ABC4-CCD2B9A146D0}.Debug|Any CPU.ActiveCfg = Debug|Any CPU
		{D981EF58-6D05-48B5-ABC4-CCD2B9A146D0}.Debug|Any CPU.Build.0 = Debug|Any CPU
		{D981EF58-6D05-48B5-ABC4-CCD2B9A146D0}.Release|Any CPU.ActiveCfg = Release|Any CPU
		{D981EF58-6D05-48B5-ABC4-CCD2B9A146D0}.Release|Any CPU.Build.0 = Release|Any CPU
	EndGlobalSection
	GlobalSection(SolutionProperties) = preSolution
		HideSolutionNode = FALSE
	EndGlobalSection
	GlobalSection(NestedProjects) = preSolution
		{CCDC7A85-1251-4AC8-BE3F-B501CC5E7FEE} = {8AEC54C7-4862-4DB5-95F7-ECD874AA30C9}
		{DA3D8D9A-780C-4AAB-8A91-FAA71668FB81} = {8AEC54C7-4862-4DB5-95F7-ECD874AA30C9}
		{5E56AA86-F2D2-4BE0-AF02-25294E5916F1} = {8AEC54C7-4862-4DB5-95F7-ECD874AA30C9}
		{D32AA881-CBAB-4383-B24A-D043A39F2F75} = {8AEC54C7-4862-4DB5-95F7-ECD874AA30C9}
		{BB323B0C-A2B6-44D9-B401-B827D59758E6} = {CCDC7A85-1251-4AC8-BE3F-B501CC5E7FEE}
		{CF72B178-6C2D-4C4F-BB99-6E1C9453694A} = {DA3D8D9A-780C-4AAB-8A91-FAA71668FB81}
		{F5F68697-2096-42E3-810B-52BA2485AF19} = {5E56AA86-F2D2-4BE0-AF02-25294E5916F1}
		{87BC46A0-BA6F-49C9-BCCF-0480E2E6D209} = {5E56AA86-F2D2-4BE0-AF02-25294E5916F1}
		{94F787FA-B728-4A4D-80A5-7752CA8EBD76} = {D32AA881-CBAB-4383-B24A-D043A39F2F75}
		{57429C6D-2EB1-43EC-9EAA-9787F9CAEDDA} = {D32AA881-CBAB-4383-B24A-D043A39F2F75}
		{810A45BE-228D-4400-A562-C6C0E9CD3E09} = {D32AA881-CBAB-4383-B24A-D043A39F2F75}
		{2C31A7EE-9836-43D2-83E6-CDF860B433EB} = {FE6E9CE1-7767-4CA2-BD68-DBD9A491971E}
		{8AEC54C7-4862-4DB5-95F7-ECD874AA30C9} = {D35669EA-5B37-4C1C-96F7-355B56225BEB}
		{28C8D8E4-03A4-479E-9898-8FD679850896} = {2C31A7EE-9836-43D2-83E6-CDF860B433EB}
		{916B054B-49CE-4708-AA6D-9FBA429FF165} = {C8A4962B-714F-459D-835E-73AF4ED5AAAC}
		{1222C55F-FA24-432D-85E4-3E76E583EC38} = {28C8D8E4-03A4-479E-9898-8FD679850896}
		{C8A4962B-714F-459D-835E-73AF4ED5AAAC} = {28C8D8E4-03A4-479E-9898-8FD679850896}
		{7D1C0A66-86A9-4C80-8EFA-D14D3CE7BA31} = {28C8D8E4-03A4-479E-9898-8FD679850896}
		{CD6A9A92-2C40-421C-ADD0-B9C3A94E9485} = {28C8D8E4-03A4-479E-9898-8FD679850896}
		{C1B54472-8DF9-4C5D-ACA9-54C357EC58D2} = {1222C55F-FA24-432D-85E4-3E76E583EC38}
		{8AB595EA-AEDF-4A62-B109-96C090C6BA55} = {7D1C0A66-86A9-4C80-8EFA-D14D3CE7BA31}
		{7377323E-FC22-4F63-A814-84C03EE4DD91} = {7D1C0A66-86A9-4C80-8EFA-D14D3CE7BA31}
		{D251E472-F0F5-473F-8902-69CD98CF812D} = {CD6A9A92-2C40-421C-ADD0-B9C3A94E9485}
		{626F647C-871D-42E1-9ED1-2A5E4AC37987} = {CD6A9A92-2C40-421C-ADD0-B9C3A94E9485}
		{D981EF58-6D05-48B5-ABC4-CCD2B9A146D0} = {CD6A9A92-2C40-421C-ADD0-B9C3A94E9485}
	EndGlobalSection
	GlobalSection(ExtensibilityGlobals) = postSolution
		SolutionGuid = {4483CEB5-3216-4F72-9C55-11FC9EF5092D}
	EndGlobalSection
EndGlobal
